
Microsoft Visual Studio Solution File, Format Version 12.00
# Visual Studio Version 17
VisualStudioVersion = 17.2.32408.312
MinimumVisualStudioVersion = 10.0.40219.1
Project("{FAE04EC0-301F-11D3-BF4B-00C04F79EFBC}") = "Peyman.JsonSimpleAPI", "Peyman.JsonSimpleAPI\Peyman.JsonSimpleAPI.csproj", "{396939C1-2217-45AC-9DDA-6CB827044C85}"
EndProject
Global
	GlobalSection(SolutionConfigurationPlatforms) = preSolution
		Debug|Any CPU = Debug|Any CPU
		Release|Any CPU = Release|Any CPU
	EndGlobalSection
	GlobalSection(ProjectConfigurationPlatforms) = postSolution
		{396939C1-2217-45AC-9DDA-6CB827044C85}.Debug|Any CPU.ActiveCfg = Debug|Any CPU
		{396939C1-2217-45AC-9DDA-6CB827044C85}.Debug|Any CPU.Build.0 = Debug|Any CPU
		{396939C1-2217-45AC-9DDA-6CB827044C85}.Release|Any CPU.ActiveCfg = Release|Any CPU
		{396939C1-2217-45AC-9DDA-6CB827044C85}.Release|Any CPU.Build.0 = Release|Any CPU
	EndGlobalSection
	GlobalSection(SolutionProperties) = preSolution
		HideSolutionNode = FALSE
	EndGlobalSection
	GlobalSection(ExtensibilityGlobals) = postSolution
		SolutionGuid = {C8657836-F77C-4F01-929C-C6C07359E0BD}
	EndGlobalSection
EndGlobal
